
Microsoft Visual Studio Solution File, Format Version 12.00
# Visual Studio Version 17
VisualStudioVersion = 17.3.32901.215
MinimumVisualStudioVersion = 10.0.40219.1
Project("{FAE04EC0-301F-11D3-BF4B-00C04F79EFBC}") = "MovieApp", "MovieApp\MovieApp.csproj", "{BA0ED150-8932-4B46-96DB-F6E4991E468C}"
EndProject
Project("{FAE04EC0-301F-11D3-BF4B-00C04F79EFBC}") = "MovieApp.Domain", "MovieApp.Domain\MovieApp.Domain.csproj", "{2CD1AE45-BD52-4318-960F-D701142ABBC6}"
EndProject
Project("{FAE04EC0-301F-11D3-BF4B-00C04F79EFBC}") = "MovieApp.Repository", "MovieApp.Repository\MovieApp.Repository.csproj", "{43B9977D-FCA9-4D0C-9F28-16BBA58712F2}"
EndProject
Project("{9A19103F-16F7-4668-BE54-9A1E7A4F7556}") = "MovieApp.Tests", "MovieApp.Tests\MovieApp.Tests.csproj", "{4900E7E3-7CAC-46D8-AEE2-8D9DD29E9600}"
EndProject
Global
	GlobalSection(SolutionConfigurationPlatforms) = preSolution
		Debug|Any CPU = Debug|Any CPU
		Release|Any CPU = Release|Any CPU
	EndGlobalSection
	GlobalSection(ProjectConfigurationPlatforms) = postSolution
		{BA0ED150-8932-4B46-96DB-F6E4991E468C}.Debug|Any CPU.ActiveCfg = Debug|Any CPU
		{BA0ED150-8932-4B46-96DB-F6E4991E468C}.Debug|Any CPU.Build.0 = Debug|Any CPU
		{BA0ED150-8932-4B46-96DB-F6E4991E468C}.Release|Any CPU.ActiveCfg = Release|Any CPU
		{BA0ED150-8932-4B46-96DB-F6E4991E468C}.Release|Any CPU.Build.0 = Release|Any CPU
		{2CD1AE45-BD52-4318-960F-D701142ABBC6}.Debug|Any CPU.ActiveCfg = Debug|Any CPU
		{2CD1AE45-BD52-4318-960F-D701142ABBC6}.Debug|Any CPU.Build.0 = Debug|Any CPU
		{2CD1AE45-BD52-4318-960F-D701142ABBC6}.Release|Any CPU.ActiveCfg = Release|Any CPU
		{2CD1AE45-BD52-4318-960F-D701142ABBC6}.Release|Any CPU.Build.0 = Release|Any CPU
		{43B9977D-FCA9-4D0C-9F28-16BBA58712F2}.Debug|Any CPU.ActiveCfg = Debug|Any CPU
		{43B9977D-FCA9-4D0C-9F28-16BBA58712F2}.Debug|Any CPU.Build.0 = Debug|Any CPU
		{43B9977D-FCA9-4D0C-9F28-16BBA58712F2}.Release|Any CPU.ActiveCfg = Release|Any CPU
		{43B9977D-FCA9-4D0C-9F28-16BBA58712F2}.Release|Any CPU.Build.0 = Release|Any CPU
		{4900E7E3-7CAC-46D8-AEE2-8D9DD29E9600}.Debug|Any CPU.ActiveCfg = Debug|Any CPU
		{4900E7E3-7CAC-46D8-AEE2-8D9DD29E9600}.Debug|Any CPU.Build.0 = Debug|Any CPU
		{4900E7E3-7CAC-46D8-AEE2-8D9DD29E9600}.Release|Any CPU.ActiveCfg = Release|Any CPU
		{4900E7E3-7CAC-46D8-AEE2-8D9DD29E9600}.Release|Any CPU.Build.0 = Release|Any CPU
	EndGlobalSection
	GlobalSection(SolutionProperties) = preSolution
		HideSolutionNode = FALSE
	EndGlobalSection
	GlobalSection(ExtensibilityGlobals) = postSolution
		SolutionGuid = {E05310D1-6F5E-4DBD-8B83-1DE47991C82E}
	EndGlobalSection
EndGlobal
