
Microsoft Visual Studio Solution File, Format Version 12.00
# Visual Studio Version 17
VisualStudioVersion = 17.3.32901.215
MinimumVisualStudioVersion = 10.0.40219.1
Project("{FAE04EC0-301F-11D3-BF4B-00C04F79EFBC}") = "An_ATM", "An_ATM\An_ATM.csproj", "{6CB14745-E117-4AAD-8DB1-1289DD900052}"
EndProject
Global
	GlobalSection(SolutionConfigurationPlatforms) = preSolution
		Debug|Any CPU = Debug|Any CPU
		Release|Any CPU = Release|Any CPU
	EndGlobalSection
	GlobalSection(ProjectConfigurationPlatforms) = postSolution
		{6CB14745-E117-4AAD-8DB1-1289DD900052}.Debug|Any CPU.ActiveCfg = Debug|Any CPU
		{6CB14745-E117-4AAD-8DB1-1289DD900052}.Debug|Any CPU.Build.0 = Debug|Any CPU
		{6CB14745-E117-4AAD-8DB1-1289DD900052}.Release|Any CPU.ActiveCfg = Release|Any CPU
		{6CB14745-E117-4AAD-8DB1-1289DD900052}.Release|Any CPU.Build.0 = Release|Any CPU
	EndGlobalSection
	GlobalSection(SolutionProperties) = preSolution
		HideSolutionNode = FALSE
	EndGlobalSection
	GlobalSection(ExtensibilityGlobals) = postSolution
		SolutionGuid = {4584EBB4-2690-43AC-B628-6B5AA4F80536}
	EndGlobalSection
EndGlobal
